
Microsoft Visual Studio Solution File, Format Version 12.00
# Visual Studio Version 17
VisualStudioVersion = 17.5.33627.172
MinimumVisualStudioVersion = 10.0.40219.1
Project("{9A19103F-16F7-4668-BE54-9A1E7A4F7556}") = "AuctionMicro", "AuctionMicro\AuctionMicro.csproj", "{625B06AB-1AB4-4E8A-881C-25F31DD6CC56}"
EndProject
Project("{2150E333-8FDC-42A3-9474-1A3956D46DE8}") = "Solution Items", "Solution Items", "{98589C95-8025-4CAE-9220-4C70FBF83F0E}"
	ProjectSection(SolutionItems) = preProject
		docker-compose.yml = docker-compose.yml
	EndProjectSection
EndProject
Project("{9A19103F-16F7-4668-BE54-9A1E7A4F7556}") = "SearchService", "SearchService\SearchService.csproj", "{80D9F7E8-67CB-49DB-81A1-EF67D68DE2C6}"
	ProjectSection(ProjectDependencies) = postProject
		{625B06AB-1AB4-4E8A-881C-25F31DD6CC56} = {625B06AB-1AB4-4E8A-881C-25F31DD6CC56}
	EndProjectSection
EndProject
Project("{9A19103F-16F7-4668-BE54-9A1E7A4F7556}") = "Contracts", "Contracts\Contracts.csproj", "{CDE6FF60-37A5-42DC-923E-ABB6B2F91FEE}"
EndProject
Project("{9A19103F-16F7-4668-BE54-9A1E7A4F7556}") = "IdentityService", "src\identityservice\IdentityService.csproj", "{B5D2E927-D1F5-4606-8261-DF71DC54B3AB}"
EndProject
Project("{9A19103F-16F7-4668-BE54-9A1E7A4F7556}") = "GatewayService", "src\GatewayService\GatewayService.csproj", "{B24A4039-73ED-48E1-9A42-CA84E91F2649}"
EndProject
Project("{9A19103F-16F7-4668-BE54-9A1E7A4F7556}") = "BiddingService", "src\BiddingService\BiddingService.csproj", "{770649A1-91B1-4AD9-9508-5686BD4A8CC0}"
EndProject
Project("{9A19103F-16F7-4668-BE54-9A1E7A4F7556}") = "NotificationService", "src\NotificationService\NotificationService.csproj", "{C4559648-B28D-49E5-B7AE-5316B0DC22CD}"
EndProject
Global
	GlobalSection(SolutionConfigurationPlatforms) = preSolution
		Debug|Any CPU = Debug|Any CPU
		Release|Any CPU = Release|Any CPU
	EndGlobalSection
	GlobalSection(ProjectConfigurationPlatforms) = postSolution
		{625B06AB-1AB4-4E8A-881C-25F31DD6CC56}.Debug|Any CPU.ActiveCfg = Debug|Any CPU
		{625B06AB-1AB4-4E8A-881C-25F31DD6CC56}.Debug|Any CPU.Build.0 = Debug|Any CPU
		{625B06AB-1AB4-4E8A-881C-25F31DD6CC56}.Release|Any CPU.ActiveCfg = Release|Any CPU
		{625B06AB-1AB4-4E8A-881C-25F31DD6CC56}.Release|Any CPU.Build.0 = Release|Any CPU
		{80D9F7E8-67CB-49DB-81A1-EF67D68DE2C6}.Debug|Any CPU.ActiveCfg = Debug|Any CPU
		{80D9F7E8-67CB-49DB-81A1-EF67D68DE2C6}.Debug|Any CPU.Build.0 = Debug|Any CPU
		{80D9F7E8-67CB-49DB-81A1-EF67D68DE2C6}.Release|Any CPU.ActiveCfg = Release|Any CPU
		{80D9F7E8-67CB-49DB-81A1-EF67D68DE2C6}.Release|Any CPU.Build.0 = Release|Any CPU
		{CDE6FF60-37A5-42DC-923E-ABB6B2F91FEE}.Debug|Any CPU.ActiveCfg = Debug|Any CPU
		{CDE6FF60-37A5-42DC-923E-ABB6B2F91FEE}.Debug|Any CPU.Build.0 = Debug|Any CPU
		{CDE6FF60-37A5-42DC-923E-ABB6B2F91FEE}.Release|Any CPU.ActiveCfg = Release|Any CPU
		{CDE6FF60-37A5-42DC-923E-ABB6B2F91FEE}.Release|Any CPU.Build.0 = Release|Any CPU
		{B5D2E927-D1F5-4606-8261-DF71DC54B3AB}.Debug|Any CPU.ActiveCfg = Debug|Any CPU
		{B5D2E927-D1F5-4606-8261-DF71DC54B3AB}.Debug|Any CPU.Build.0 = Debug|Any CPU
		{B5D2E927-D1F5-4606-8261-DF71DC54B3AB}.Release|Any CPU.ActiveCfg = Release|Any CPU
		{B5D2E927-D1F5-4606-8261-DF71DC54B3AB}.Release|Any CPU.Build.0 = Release|Any CPU
		{B24A4039-73ED-48E1-9A42-CA84E91F2649}.Debug|Any CPU.ActiveCfg = Debug|Any CPU
		{B24A4039-73ED-48E1-9A42-CA84E91F2649}.Debug|Any CPU.Build.0 = Debug|Any CPU
		{B24A4039-73ED-48E1-9A42-CA84E91F2649}.Release|Any CPU.ActiveCfg = Release|Any CPU
		{B24A4039-73ED-48E1-9A42-CA84E91F2649}.Release|Any CPU.Build.0 = Release|Any CPU
		{770649A1-91B1-4AD9-9508-5686BD4A8CC0}.Debug|Any CPU.ActiveCfg = Debug|Any CPU
		{770649A1-91B1-4AD9-9508-5686BD4A8CC0}.Debug|Any CPU.Build.0 = Debug|Any CPU
		{770649A1-91B1-4AD9-9508-5686BD4A8CC0}.Release|Any CPU.ActiveCfg = Release|Any CPU
		{770649A1-91B1-4AD9-9508-5686BD4A8CC0}.Release|Any CPU.Build.0 = Release|Any CPU
		{C4559648-B28D-49E5-B7AE-5316B0DC22CD}.Debug|Any CPU.ActiveCfg = Debug|Any CPU
		{C4559648-B28D-49E5-B7AE-5316B0DC22CD}.Debug|Any CPU.Build.0 = Debug|Any CPU
		{C4559648-B28D-49E5-B7AE-5316B0DC22CD}.Release|Any CPU.ActiveCfg = Release|Any CPU
		{C4559648-B28D-49E5-B7AE-5316B0DC22CD}.Release|Any CPU.Build.0 = Release|Any CPU
	EndGlobalSection
	GlobalSection(SolutionProperties) = preSolution
		HideSolutionNode = FALSE
	EndGlobalSection
	GlobalSection(ExtensibilityGlobals) = postSolution
		SolutionGuid = {92D77741-A3E1-4316-A8FA-0F54FF6C4B93}
	EndGlobalSection
EndGlobal
